
Microsoft Visual Studio Solution File, Format Version 12.00
# Visual Studio Version 17
VisualStudioVersion = 17.2.32630.192
MinimumVisualStudioVersion = 10.0.40219.1
Project("{FAE04EC0-301F-11D3-BF4B-00C04F79EFBC}") = "Xamarin Forms 1.Android", "Xamarin Forms 1\Xamarin Forms 1.Android\Xamarin Forms 1.Android.csproj", "{82B23A4A-F57B-47F4-8BFC-A0D93D388292}"
EndProject
Project("{FAE04EC0-301F-11D3-BF4B-00C04F79EFBC}") = "Xamarin Forms 1.iOS", "Xamarin Forms 1\Xamarin Forms 1.iOS\Xamarin Forms 1.iOS.csproj", "{55E95F14-C46A-47B6-9287-1F283C1807E9}"
EndProject
Project("{FAE04EC0-301F-11D3-BF4B-00C04F79EFBC}") = "Xamarin Forms 1", "Xamarin Forms 1\Xamarin Forms 1\Xamarin Forms 1.csproj", "{BCA65C1B-98A4-435D-A317-803831DCDF34}"
EndProject
Global
	GlobalSection(SolutionConfigurationPlatforms) = preSolution
		Debug|Any CPU = Debug|Any CPU
		Debug|iPhone = Debug|iPhone
		Debug|iPhoneSimulator = Debug|iPhoneSimulator
		Release|Any CPU = Release|Any CPU
		Release|iPhone = Release|iPhone
		Release|iPhoneSimulator = Release|iPhoneSimulator
	EndGlobalSection
	GlobalSection(ProjectConfigurationPlatforms) = postSolution
		{82B23A4A-F57B-47F4-8BFC-A0D93D388292}.Debug|Any CPU.ActiveCfg = Debug|Any CPU
		{82B23A4A-F57B-47F4-8BFC-A0D93D388292}.Debug|Any CPU.Build.0 = Debug|Any CPU
		{82B23A4A-F57B-47F4-8BFC-A0D93D388292}.Debug|Any CPU.Deploy.0 = Debug|Any CPU
		{82B23A4A-F57B-47F4-8BFC-A0D93D388292}.Debug|iPhone.ActiveCfg = Debug|Any CPU
		{82B23A4A-F57B-47F4-8BFC-A0D93D388292}.Debug|iPhone.Build.0 = Debug|Any CPU
		{82B23A4A-F57B-47F4-8BFC-A0D93D388292}.Debug|iPhone.Deploy.0 = Debug|Any CPU
		{82B23A4A-F57B-47F4-8BFC-A0D93D388292}.Debug|iPhoneSimulator.ActiveCfg = Debug|Any CPU
		{82B23A4A-F57B-47F4-8BFC-A0D93D388292}.Debug|iPhoneSimulator.Build.0 = Debug|Any CPU
		{82B23A4A-F57B-47F4-8BFC-A0D93D388292}.Debug|iPhoneSimulator.Deploy.0 = Debug|Any CPU
		{82B23A4A-F57B-47F4-8BFC-A0D93D388292}.Release|Any CPU.ActiveCfg = Release|Any CPU
		{82B23A4A-F57B-47F4-8BFC-A0D93D388292}.Release|Any CPU.Build.0 = Release|Any CPU
		{82B23A4A-F57B-47F4-8BFC-A0D93D388292}.Release|Any CPU.Deploy.0 = Release|Any CPU
		{82B23A4A-F57B-47F4-8BFC-A0D93D388292}.Release|iPhone.ActiveCfg = Release|Any CPU
		{82B23A4A-F57B-47F4-8BFC-A0D93D388292}.Release|iPhone.Build.0 = Release|Any CPU
		{82B23A4A-F57B-47F4-8BFC-A0D93D388292}.Release|iPhone.Deploy.0 = Release|Any CPU
		{82B23A4A-F57B-47F4-8BFC-A0D93D388292}.Release|iPhoneSimulator.ActiveCfg = Release|Any CPU
		{82B23A4A-F57B-47F4-8BFC-A0D93D388292}.Release|iPhoneSimulator.Build.0 = Release|Any CPU
		{82B23A4A-F57B-47F4-8BFC-A0D93D388292}.Release|iPhoneSimulator.Deploy.0 = Release|Any CPU
		{55E95F14-C46A-47B6-9287-1F283C1807E9}.Debug|Any CPU.ActiveCfg = Debug|iPhone
		{55E95F14-C46A-47B6-9287-1F283C1807E9}.Debug|Any CPU.Build.0 = Debug|iPhone
		{55E95F14-C46A-47B6-9287-1F283C1807E9}.Debug|Any CPU.Deploy.0 = Debug|iPhone
		{55E95F14-C46A-47B6-9287-1F283C1807E9}.Debug|iPhone.ActiveCfg = Debug|iPhone
		{55E95F14-C46A-47B6-9287-1F283C1807E9}.Debug|iPhone.Build.0 = Debug|iPhone
		{55E95F14-C46A-47B6-9287-1F283C1807E9}.Debug|iPhone.Deploy.0 = Debug|iPhone
		{55E95F14-C46A-47B6-9287-1F283C1807E9}.Debug|iPhoneSimulator.ActiveCfg = Debug|iPhoneSimulator
		{55E95F14-C46A-47B6-9287-1F283C1807E9}.Debug|iPhoneSimulator.Build.0 = Debug|iPhoneSimulator
		{55E95F14-C46A-47B6-9287-1F283C1807E9}.Debug|iPhoneSimulator.Deploy.0 = Debug|iPhoneSimulator
		{55E95F14-C46A-47B6-9287-1F283C1807E9}.Release|Any CPU.ActiveCfg = Release|iPhoneSimulator
		{55E95F14-C46A-47B6-9287-1F283C1807E9}.Release|Any CPU.Build.0 = Release|iPhoneSimulator
		{55E95F14-C46A-47B6-9287-1F283C1807E9}.Release|Any CPU.Deploy.0 = Release|iPhoneSimulator
		{55E95F14-C46A-47B6-9287-1F283C1807E9}.Release|iPhone.ActiveCfg = Release|iPhone
		{55E95F14-C46A-47B6-9287-1F283C1807E9}.Release|iPhone.Build.0 = Release|iPhone
		{55E95F14-C46A-47B6-9287-1F283C1807E9}.Release|iPhone.Deploy.0 = Release|iPhone
		{55E95F14-C46A-47B6-9287-1F283C1807E9}.Release|iPhoneSimulator.ActiveCfg = Release|iPhoneSimulator
		{55E95F14-C46A-47B6-9287-1F283C1807E9}.Release|iPhoneSimulator.Build.0 = Release|iPhoneSimulator
		{55E95F14-C46A-47B6-9287-1F283C1807E9}.Release|iPhoneSimulator.Deploy.0 = Release|iPhoneSimulator
		{BCA65C1B-98A4-435D-A317-803831DCDF34}.Debug|Any CPU.ActiveCfg = Debug|Any CPU
		{BCA65C1B-98A4-435D-A317-803831DCDF34}.Debug|Any CPU.Build.0 = Debug|Any CPU
		{BCA65C1B-98A4-435D-A317-803831DCDF34}.Debug|Any CPU.Deploy.0 = Debug|Any CPU
		{BCA65C1B-98A4-435D-A317-803831DCDF34}.Debug|iPhone.ActiveCfg = Debug|Any CPU
		{BCA65C1B-98A4-435D-A317-803831DCDF34}.Debug|iPhone.Build.0 = Debug|Any CPU
		{BCA65C1B-98A4-435D-A317-803831DCDF34}.Debug|iPhone.Deploy.0 = Debug|Any CPU
		{BCA65C1B-98A4-435D-A317-803831DCDF34}.Debug|iPhoneSimulator.ActiveCfg = Debug|Any CPU
		{BCA65C1B-98A4-435D-A317-803831DCDF34}.Debug|iPhoneSimulator.Build.0 = Debug|Any CPU
		{BCA65C1B-98A4-435D-A317-803831DCDF34}.Debug|iPhoneSimulator.Deploy.0 = Debug|Any CPU
		{BCA65C1B-98A4-435D-A317-803831DCDF34}.Release|Any CPU.ActiveCfg = Release|Any CPU
		{BCA65C1B-98A4-435D-A317-803831DCDF34}.Release|Any CPU.Build.0 = Release|Any CPU
		{BCA65C1B-98A4-435D-A317-803831DCDF34}.Release|Any CPU.Deploy.0 = Release|Any CPU
		{BCA65C1B-98A4-435D-A317-803831DCDF34}.Release|iPhone.ActiveCfg = Release|Any CPU
		{BCA65C1B-98A4-435D-A317-803831DCDF34}.Release|iPhone.Build.0 = Release|Any CPU
		{BCA65C1B-98A4-435D-A317-803831DCDF34}.Release|iPhone.Deploy.0 = Release|Any CPU
		{BCA65C1B-98A4-435D-A317-803831DCDF34}.Release|iPhoneSimulator.ActiveCfg = Release|Any CPU
		{BCA65C1B-98A4-435D-A317-803831DCDF34}.Release|iPhoneSimulator.Build.0 = Release|Any CPU
		{BCA65C1B-98A4-435D-A317-803831DCDF34}.Release|iPhoneSimulator.Deploy.0 = Release|Any CPU
	EndGlobalSection
	GlobalSection(SolutionProperties) = preSolution
		HideSolutionNode = FALSE
	EndGlobalSection
	GlobalSection(ExtensibilityGlobals) = postSolution
		SolutionGuid = {84ABAA85-556C-4EF5-9E67-8B167E4407E0}
	EndGlobalSection
EndGlobal
